// !$*UTF8*$!
{
	archiveVersion = 1;
	classes = {
	};
	objectVersion = 46;
	objects = {

/* Begin PBXBuildFile section */
		330C9ADF1AA7FD1A000316BB /* BLCAppDelegate.m in Sources */ = {isa = PBXBuildFile; fileRef = 330C9ADE1AA7FD1A000316BB /* BLCAppDelegate.m */; };
		330C9AE71AA7FD1A000316BB /* Images.xcassets in Resources */ = {isa = PBXBuildFile; fileRef = 330C9AE61AA7FD1A000316BB /* Images.xcassets */; };
		330C9AF61AA7FD1A000316BB /* BlocstagramTests.m in Sources */ = {isa = PBXBuildFile; fileRef = 330C9AF51AA7FD1A000316BB /* BlocstagramTests.m */; };
		330C9B0E1AA80404000316BB /* 5.jpg in Resources */ = {isa = PBXBuildFile; fileRef = 330C9B041AA80404000316BB /* 5.jpg */; };
		330C9B121AA80404000316BB /* 9.jpg in Resources */ = {isa = PBXBuildFile; fileRef = 330C9B081AA80404000316BB /* 9.jpg */; };
		330C9B161AA804C9000316BB /* BLCImagesTableViewController.m in Sources */ = {isa = PBXBuildFile; fileRef = 330C9B151AA804C9000316BB /* BLCImagesTableViewController.m */; };
		33F35C071AA81F5B00C24924 /* main.m in Sources */ = {isa = PBXBuildFile; fileRef = 33F35C061AA81F5B00C24924 /* main.m */; };
		33F35C0E1AA8FB9100C24924 /* 1.jpg in Resources */ = {isa = PBXBuildFile; fileRef = 33F35C081AA8FB9100C24924 /* 1.jpg */; };
		33F35C0F1AA8FB9100C24924 /* 2.jpg in Resources */ = {isa = PBXBuildFile; fileRef = 33F35C091AA8FB9100C24924 /* 2.jpg */; };
		33F35C101AA8FB9100C24924 /* 6.jpg in Resources */ = {isa = PBXBuildFile; fileRef = 33F35C0A1AA8FB9100C24924 /* 6.jpg */; };
		33F35C111AA8FB9100C24924 /* 7.jpg in Resources */ = {isa = PBXBuildFile; fileRef = 33F35C0B1AA8FB9100C24924 /* 7.jpg */; };
		33F35C121AA8FB9100C24924 /* 8.jpg in Resources */ = {isa = PBXBuildFile; fileRef = 33F35C0C1AA8FB9100C24924 /* 8.jpg */; };
		33F35C131AA8FB9100C24924 /* 10.jpg in Resources */ = {isa = PBXBuildFile; fileRef = 33F35C0D1AA8FB9100C24924 /* 10.jpg */; };
		33F35C151AA8FBB500C24924 /* 3.jpg in Resources */ = {isa = PBXBuildFile; fileRef = 33F35C141AA8FBB500C24924 /* 3.jpg */; };
		33F35C171AA8FBCD00C24924 /* 4.jpg in Resources */ = {isa = PBXBuildFile; fileRef = 33F35C161AA8FBCD00C24924 /* 4.jpg */; };
/* End PBXBuildFile section */

/* Begin PBXContainerItemProxy section */
		330C9AF01AA7FD1A000316BB /* PBXContainerItemProxy */ = {
			isa = PBXContainerItemProxy;
			containerPortal = 330C9ACE1AA7FD1A000316BB /* Project object */;
			proxyType = 1;
			remoteGlobalIDString = 330C9AD51AA7FD1A000316BB;
			remoteInfo = Blocstagram;
		};
/* End PBXContainerItemProxy section */

/* Begin PBXFileReference section */
		330C9AD61AA7FD1A000316BB /* Blocstagram.app */ = {isa = PBXFileReference; explicitFileType = wrapper.application; includeInIndex = 0; path = Blocstagram.app; sourceTree = BUILT_PRODUCTS_DIR; };
		330C9ADA1AA7FD1A000316BB /* Info.plist */ = {isa = PBXFileReference; lastKnownFileType = text.plist.xml; path = Info.plist; sourceTree = "<group>"; };
		330C9ADD1AA7FD1A000316BB /* BLCAppDelegate.h */ = {isa = PBXFileReference; lastKnownFileType = sourcecode.c.h; path = BLCAppDelegate.h; sourceTree = "<group>"; };
		330C9ADE1AA7FD1A000316BB /* BLCAppDelegate.m */ = {isa = PBXFileReference; lastKnownFileType = sourcecode.c.objc; path = BLCAppDelegate.m; sourceTree = "<group>"; };
		330C9AE61AA7FD1A000316BB /* Images.xcassets */ = {isa = PBXFileReference; lastKnownFileType = folder.assetcatalog; path = Images.xcassets; sourceTree = "<group>"; };
		330C9AEF1AA7FD1A000316BB /* BlocstagramTests.xctest */ = {isa = PBXFileReference; explicitFileType = wrapper.cfbundle; includeInIndex = 0; path = BlocstagramTests.xctest; sourceTree = BUILT_PRODUCTS_DIR; };
		330C9AF41AA7FD1A000316BB /* Info.plist */ = {isa = PBXFileReference; lastKnownFileType = text.plist.xml; path = Info.plist; sourceTree = "<group>"; };
		330C9AF51AA7FD1A000316BB /* BlocstagramTests.m */ = {isa = PBXFileReference; lastKnownFileType = sourcecode.c.objc; path = BlocstagramTests.m; sourceTree = "<group>"; };
		330C9B041AA80404000316BB /* 5.jpg */ = {isa = PBXFileReference; lastKnownFileType = image.jpeg; path = 5.jpg; sourceTree = "<group>"; };
		330C9B081AA80404000316BB /* 9.jpg */ = {isa = PBXFileReference; lastKnownFileType = image.jpeg; path = 9.jpg; sourceTree = "<group>"; };
		330C9B141AA804C9000316BB /* BLCImagesTableViewController.h */ = {isa = PBXFileReference; fileEncoding = 4; lastKnownFileType = sourcecode.c.h; path = BLCImagesTableViewController.h; sourceTree = "<group>"; };
		330C9B151AA804C9000316BB /* BLCImagesTableViewController.m */ = {isa = PBXFileReference; fileEncoding = 4; lastKnownFileType = sourcecode.c.objc; path = BLCImagesTableViewController.m; sourceTree = "<group>"; };
		33F35C061AA81F5B00C24924 /* main.m */ = {isa = PBXFileReference; fileEncoding = 4; lastKnownFileType = sourcecode.c.objc; path = main.m; sourceTree = "<group>"; };
		33F35C081AA8FB9100C24924 /* 1.jpg */ = {isa = PBXFileReference; lastKnownFileType = image.jpeg; path = 1.jpg; sourceTree = "<group>"; };
		33F35C091AA8FB9100C24924 /* 2.jpg */ = {isa = PBXFileReference; lastKnownFileType = image.jpeg; path = 2.jpg; sourceTree = "<group>"; };
		33F35C0A1AA8FB9100C24924 /* 6.jpg */ = {isa = PBXFileReference; lastKnownFileType = image.jpeg; path = 6.jpg; sourceTree = "<group>"; };
		33F35C0B1AA8FB9100C24924 /* 7.jpg */ = {isa = PBXFileReference; lastKnownFileType = image.jpeg; path = 7.jpg; sourceTree = "<group>"; };
		33F35C0C1AA8FB9100C24924 /* 8.jpg */ = {isa = PBXFileReference; lastKnownFileType = image.jpeg; path = 8.jpg; sourceTree = "<group>"; };
		33F35C0D1AA8FB9100C24924 /* 10.jpg */ = {isa = PBXFileReference; lastKnownFileType = image.jpeg; path = 10.jpg; sourceTree = "<group>"; };
		33F35C141AA8FBB500C24924 /* 3.jpg */ = {isa = PBXFileReference; lastKnownFileType = image.jpeg; path = 3.jpg; sourceTree = "<group>"; };
		33F35C161AA8FBCD00C24924 /* 4.jpg */ = {isa = PBXFileReference; lastKnownFileType = image.jpeg; path = 4.jpg; sourceTree = "<group>"; };
/* End PBXFileReference section */

/* Begin PBXFrameworksBuildPhase section */
		330C9AD31AA7FD1A000316BB /* Frameworks */ = {
			isa = PBXFrameworksBuildPhase;
			buildActionMask = 2147483647;
			files = (
			);
			runOnlyForDeploymentPostprocessing = 0;
		};
		330C9AEC1AA7FD1A000316BB /* Frameworks */ = {
			isa = PBXFrameworksBuildPhase;
			buildActionMask = 2147483647;
			files = (
			);
			runOnlyForDeploymentPostprocessing = 0;
		};
/* End PBXFrameworksBuildPhase section */

/* Begin PBXGroup section */
		330C9ACD1AA7FD1A000316BB = {
			isa = PBXGroup;
			children = (
				330C9AD81AA7FD1A000316BB /* Blocstagram */,
				330C9AF21AA7FD1A000316BB /* BlocstagramTests */,
				330C9AD71AA7FD1A000316BB /* Products */,
			);
			sourceTree = "<group>";
		};
		330C9AD71AA7FD1A000316BB /* Products */ = {
			isa = PBXGroup;
			children = (
				330C9AD61AA7FD1A000316BB /* Blocstagram.app */,
				330C9AEF1AA7FD1A000316BB /* BlocstagramTests.xctest */,
			);
			name = Products;
			sourceTree = "<group>";
		};
		330C9AD81AA7FD1A000316BB /* Blocstagram */ = {
			isa = PBXGroup;
			children = (
				330C9AFF1AA80241000316BB /* Images */,
				330C9ADD1AA7FD1A000316BB /* BLCAppDelegate.h */,
				330C9ADE1AA7FD1A000316BB /* BLCAppDelegate.m */,
				330C9B141AA804C9000316BB /* BLCImagesTableViewController.h */,
				330C9B151AA804C9000316BB /* BLCImagesTableViewController.m */,
				330C9AE61AA7FD1A000316BB /* Images.xcassets */,
				330C9AD91AA7FD1A000316BB /* Supporting Files */,
			);
			path = Blocstagram;
			sourceTree = "<group>";
		};
		330C9AD91AA7FD1A000316BB /* Supporting Files */ = {
			isa = PBXGroup;
			children = (
				33F35C061AA81F5B00C24924 /* main.m */,
				330C9ADA1AA7FD1A000316BB /* Info.plist */,
			);
			name = "Supporting Files";
			sourceTree = "<group>";
		};
		330C9AF21AA7FD1A000316BB /* BlocstagramTests */ = {
			isa = PBXGroup;
			children = (
				330C9AF51AA7FD1A000316BB /* BlocstagramTests.m */,
				330C9AF31AA7FD1A000316BB /* Supporting Files */,
			);
			path = BlocstagramTests;
			sourceTree = "<group>";
		};
		330C9AF31AA7FD1A000316BB /* Supporting Files */ = {
			isa = PBXGroup;
			children = (
				330C9AF41AA7FD1A000316BB /* Info.plist */,
			);
			name = "Supporting Files";
			sourceTree = "<group>";
		};
		330C9AFF1AA80241000316BB /* Images */ = {
			isa = PBXGroup;
			children = (
				33F35C081AA8FB9100C24924 /* 1.jpg */,
				33F35C091AA8FB9100C24924 /* 2.jpg */,
				33F35C141AA8FBB500C24924 /* 3.jpg */,
				33F35C161AA8FBCD00C24924 /* 4.jpg */,
				330C9B041AA80404000316BB /* 5.jpg */,
				33F35C0A1AA8FB9100C24924 /* 6.jpg */,
				33F35C0B1AA8FB9100C24924 /* 7.jpg */,
				33F35C0C1AA8FB9100C24924 /* 8.jpg */,
				330C9B081AA80404000316BB /* 9.jpg */,
				33F35C0D1AA8FB9100C24924 /* 10.jpg */,
			);
			name = Images;
			sourceTree = "<group>";
		};
/* End PBXGroup section */

/* Begin PBXNativeTarget section */
		330C9AD51AA7FD1A000316BB /* Blocstagram */ = {
			isa = PBXNativeTarget;
			buildConfigurationList = 330C9AF91AA7FD1A000316BB /* Build configuration list for PBXNativeTarget "Blocstagram" */;
			buildPhases = (
				330C9AD21AA7FD1A000316BB /* Sources */,
				330C9AD31AA7FD1A000316BB /* Frameworks */,
				330C9AD41AA7FD1A000316BB /* Resources */,
			);
			buildRules = (
			);
			dependencies = (
			);
			name = Blocstagram;
			productName = Blocstagram;
			productReference = 330C9AD61AA7FD1A000316BB /* Blocstagram.app */;
			productType = "com.apple.product-type.application";
		};
		330C9AEE1AA7FD1A000316BB /* BlocstagramTests */ = {
			isa = PBXNativeTarget;
			buildConfigurationList = 330C9AFC1AA7FD1A000316BB /* Build configuration list for PBXNativeTarget "BlocstagramTests" */;
			buildPhases = (
				330C9AEB1AA7FD1A000316BB /* Sources */,
				330C9AEC1AA7FD1A000316BB /* Frameworks */,
				330C9AED1AA7FD1A000316BB /* Resources */,
			);
			buildRules = (
			);
			dependencies = (
				330C9AF11AA7FD1A000316BB /* PBXTargetDependency */,
			);
			name = BlocstagramTests;
			productName = BlocstagramTests;
			productReference = 330C9AEF1AA7FD1A000316BB /* BlocstagramTests.xctest */;
			productType = "com.apple.product-type.bundle.unit-test";
		};
/* End PBXNativeTarget section */

/* Begin PBXProject section */
		330C9ACE1AA7FD1A000316BB /* Project object */ = {
			isa = PBXProject;
			attributes = {
				LastUpgradeCheck = 0610;
				ORGANIZATIONNAME = Bloc;
				TargetAttributes = {
					330C9AD51AA7FD1A000316BB = {
						CreatedOnToolsVersion = 6.1.1;
						DevelopmentTeam = CB9MM74V72;
					};
					330C9AEE1AA7FD1A000316BB = {
						CreatedOnToolsVersion = 6.1.1;
						TestTargetID = 330C9AD51AA7FD1A000316BB;
					};
				};
			};
			buildConfigurationList = 330C9AD11AA7FD1A000316BB /* Build configuration list for PBXProject "Blocstagram" */;
			compatibilityVersion = "Xcode 3.2";
			developmentRegion = English;
			hasScannedForEncodings = 0;
			knownRegions = (
				en,
				Base,
			);
			mainGroup = 330C9ACD1AA7FD1A000316BB;
			productRefGroup = 330C9AD71AA7FD1A000316BB /* Products */;
			projectDirPath = "";
			projectRoot = "";
			targets = (
				330C9AD51AA7FD1A000316BB /* Blocstagram */,
				330C9AEE1AA7FD1A000316BB /* BlocstagramTests */,
			);
		};
/* End PBXProject section */

/* Begin PBXResourcesBuildPhase section */
		330C9AD41AA7FD1A000316BB /* Resources */ = {
			isa = PBXResourcesBuildPhase;
			buildActionMask = 2147483647;
			files = (
				33F35C171AA8FBCD00C24924 /* 4.jpg in Resources */,
				33F35C101AA8FB9100C24924 /* 6.jpg in Resources */,
				330C9AE71AA7FD1A000316BB /* Images.xcassets in Resources */,
				33F35C0E1AA8FB9100C24924 /* 1.jpg in Resources */,
				33F35C111AA8FB9100C24924 /* 7.jpg in Resources */,
				33F35C131AA8FB9100C24924 /* 10.jpg in Resources */,
				33F35C151AA8FBB500C24924 /* 3.jpg in Resources */,
				33F35C121AA8FB9100C24924 /* 8.jpg in Resources */,
				33F35C0F1AA8FB9100C24924 /* 2.jpg in Resources */,
				330C9B121AA80404000316BB /* 9.jpg in Resources */,
				330C9B0E1AA80404000316BB /* 5.jpg in Resources */,
			);
			runOnlyForDeploymentPostprocessing = 0;
		};
		330C9AED1AA7FD1A000316BB /* Resources */ = {
			isa = PBXResourcesBuildPhase;
			buildActionMask = 2147483647;
			files = (
			);
			runOnlyForDeploymentPostprocessing = 0;
		};
/* End PBXResourcesBuildPhase section */

/* Begin PBXSourcesBuildPhase section */
		330C9AD21AA7FD1A000316BB /* Sources */ = {
			isa = PBXSourcesBuildPhase;
			buildActionMask = 2147483647;
			files = (
				330C9ADF1AA7FD1A000316BB /* BLCAppDelegate.m in Sources */,
				33F35C071AA81F5B00C24924 /* main.m in Sources */,
				330C9B161AA804C9000316BB /* BLCImagesTableViewController.m in Sources */,
			);
			runOnlyForDeploymentPostprocessing = 0;
		};
		330C9AEB1AA7FD1A000316BB /* Sources */ = {
			isa = PBXSourcesBuildPhase;
			buildActionMask = 2147483647;
			files = (
				330C9AF61AA7FD1A000316BB /* BlocstagramTests.m in Sources */,
			);
			runOnlyForDeploymentPostprocessing = 0;
		};
/* End PBXSourcesBuildPhase section */

/* Begin PBXTargetDependency section */
		330C9AF11AA7FD1A000316BB /* PBXTargetDependency */ = {
			isa = PBXTargetDependency;
			target = 330C9AD51AA7FD1A000316BB /* Blocstagram */;
			targetProxy = 330C9AF01AA7FD1A000316BB /* PBXContainerItemProxy */;
		};
/* End PBXTargetDependency section */

/* Begin XCBuildConfiguration section */
		330C9AF71AA7FD1A000316BB /* Debug */ = {
			isa = XCBuildConfiguration;
			buildSettings = {
				ALWAYS_SEARCH_USER_PATHS = NO;
				CLANG_CXX_LANGUAGE_STANDARD = "gnu++0x";
				CLANG_CXX_LIBRARY = "libc++";
				CLANG_ENABLE_MODULES = YES;
				CLANG_ENABLE_OBJC_ARC = YES;
				CLANG_WARN_BOOL_CONVERSION = YES;
				CLANG_WARN_CONSTANT_CONVERSION = YES;
				CLANG_WARN_DIRECT_OBJC_ISA_USAGE = YES_ERROR;
				CLANG_WARN_EMPTY_BODY = YES;
				CLANG_WARN_ENUM_CONVERSION = YES;
				CLANG_WARN_INT_CONVERSION = YES;
				CLANG_WARN_OBJC_ROOT_CLASS = YES_ERROR;
				CLANG_WARN_UNREACHABLE_CODE = YES;
				CLANG_WARN__DUPLICATE_METHOD_MATCH = YES;
				"CODE_SIGN_IDENTITY[sdk=iphoneos*]" = "iPhone Developer";
				COPY_PHASE_STRIP = NO;
				ENABLE_STRICT_OBJC_MSGSEND = YES;
				GCC_C_LANGUAGE_STANDARD = gnu99;
				GCC_DYNAMIC_NO_PIC = NO;
				GCC_OPTIMIZATION_LEVEL = 0;
				GCC_PREPROCESSOR_DEFINITIONS = (
					"DEBUG=1",
					"$(inherited)",
				);
				GCC_SYMBOLS_PRIVATE_EXTERN = NO;
				GCC_WARN_64_TO_32_BIT_CONVERSION = YES;
				GCC_WARN_ABOUT_RETURN_TYPE = YES_ERROR;
				GCC_WARN_UNDECLARED_SELECTOR = YES;
				GCC_WARN_UNINITIALIZED_AUTOS = YES_AGGRESSIVE;
				GCC_WARN_UNUSED_FUNCTION = YES;
				GCC_WARN_UNUSED_VARIABLE = YES;
				IPHONEOS_DEPLOYMENT_TARGET = 8.1;
				MTL_ENABLE_DEBUG_INFO = YES;
				ONLY_ACTIVE_ARCH = YES;
				SDKROOT = iphoneos;
				TARGETED_DEVICE_FAMILY = "1,2";
			};
			name = Debug;
		};
		330C9AF81AA7FD1A000316BB /* Release */ = {
			isa = XCBuildConfiguration;
			buildSettings = {
				ALWAYS_SEARCH_USER_PATHS = NO;
				CLANG_CXX_LANGUAGE_STANDARD = "gnu++0x";
				CLANG_CXX_LIBRARY = "libc++";
				CLANG_ENABLE_MODULES = YES;
				CLANG_ENABLE_OBJC_ARC = YES;
				CLANG_WARN_BOOL_CONVERSION = YES;
				CLANG_WARN_CONSTANT_CONVERSION = YES;
				CLANG_WARN_DIRECT_OBJC_ISA_USAGE = YES_ERROR;
				CLANG_WARN_EMPTY_BODY = YES;
				CLANG_WARN_ENUM_CONVERSION = YES;
				CLANG_WARN_INT_CONVERSION = YES;
				CLANG_WARN_OBJC_ROOT_CLASS = YES_ERROR;
				CLANG_WARN_UNREACHABLE_CODE = YES;
				CLANG_WARN__DUPLICATE_METHOD_MATCH = YES;
				"CODE_SIGN_IDENTITY[sdk=iphoneos*]" = "iPhone Developer";
				COPY_PHASE_STRIP = YES;
				ENABLE_NS_ASSERTIONS = NO;
				ENABLE_STRICT_OBJC_MSGSEND = YES;
				GCC_C_LANGUAGE_STANDARD = gnu99;
				GCC_WARN_64_TO_32_BIT_CONVERSION = YES;
				GCC_WARN_ABOUT_RETURN_TYPE = YES_ERROR;
				GCC_WARN_UNDECLARED_SELECTOR = YES;
				GCC_WARN_UNINITIALIZED_AUTOS = YES_AGGRESSIVE;
				GCC_WARN_UNUSED_FUNCTION = YES;
				GCC_WARN_UNUSED_VARIABLE = YES;
				IPHONEOS_DEPLOYMENT_TARGET = 8.1;
				MTL_ENABLE_DEBUG_INFO = NO;
				SDKROOT = iphoneos;
				TARGETED_DEVICE_FAMILY = "1,2";
				VALIDATE_PRODUCT = YES;
			};
			name = Release;
		};
		330C9AFA1AA7FD1A000316BB /* Debug */ = {
			isa = XCBuildConfiguration;
			buildSettings = {
				ASSETCATALOG_COMPILER_APPICON_NAME = AppIcon;
				INFOPLIST_FILE = Blocstagram/Info.plist;
				LD_RUNPATH_SEARCH_PATHS = "$(inherited) @executable_path/Frameworks";
				PRODUCT_NAME = "$(TARGET_NAME)";
			};
			name = Debug;
		};
		330C9AFB1AA7FD1A000316BB /* Release */ = {
			isa = XCBuildConfiguration;
			buildSettings = {
				ASSETCATALOG_COMPILER_APPICON_NAME = AppIcon;
				INFOPLIST_FILE = Blocstagram/Info.plist;
				LD_RUNPATH_SEARCH_PATHS = "$(inherited) @executable_path/Frameworks";
				PRODUCT_NAME = "$(TARGET_NAME)";
			};
			name = Release;
		};
		330C9AFD1AA7FD1A000316BB /* Debug */ = {
			isa = XCBuildConfiguration;
			buildSettings = {
				BUNDLE_LOADER = "$(TEST_HOST)";
				FRAMEWORK_SEARCH_PATHS = (
					"$(SDKROOT)/Developer/Library/Frameworks",
					"$(inherited)",
				);
				GCC_PREPROCESSOR_DEFINITIONS = (
					"DEBUG=1",
					"$(inherited)",
				);
				INFOPLIST_FILE = BlocstagramTests/Info.plist;
				LD_RUNPATH_SEARCH_PATHS = "$(inherited) @executable_path/Frameworks @loader_path/Frameworks";
				PRODUCT_NAME = "$(TARGET_NAME)";
				TEST_HOST = "$(BUILT_PRODUCTS_DIR)/Blocstagram.app/Blocstagram";
			};
			name = Debug;
		};
		330C9AFE1AA7FD1A000316BB /* Release */ = {
			isa = XCBuildConfiguration;
			buildSettings = {
				BUNDLE_LOADER = "$(TEST_HOST)";
				FRAMEWORK_SEARCH_PATHS = (
					"$(SDKROOT)/Developer/Library/Frameworks",
					"$(inherited)",
				);
				INFOPLIST_FILE = BlocstagramTests/Info.plist;
				LD_RUNPATH_SEARCH_PATHS = "$(inherited) @executable_path/Frameworks @loader_path/Frameworks";
				PRODUCT_NAME = "$(TARGET_NAME)";
				TEST_HOST = "$(BUILT_PRODUCTS_DIR)/Blocstagram.app/Blocstagram";
			};
			name = Release;
		};
/* End XCBuildConfiguration section */

/* Begin XCConfigurationList section */
		330C9AD11AA7FD1A000316BB /* Build configuration list for PBXProject "Blocstagram" */ = {
			isa = XCConfigurationList;
			buildConfigurations = (
				330C9AF71AA7FD1A000316BB /* Debug */,
				330C9AF81AA7FD1A000316BB /* Release */,
			);
			defaultConfigurationIsVisible = 0;
			defaultConfigurationName = Release;
		};
		330C9AF91AA7FD1A000316BB /* Build configuration list for PBXNativeTarget "Blocstagram" */ = {
			isa = XCConfigurationList;
			buildConfigurations = (
				330C9AFA1AA7FD1A000316BB /* Debug */,
				330C9AFB1AA7FD1A000316BB /* Release */,
			);
			defaultConfigurationIsVisible = 0;
			defaultConfigurationName = Release;
		};
		330C9AFC1AA7FD1A000316BB /* Build configuration list for PBXNativeTarget "BlocstagramTests" */ = {
			isa = XCConfigurationList;
			buildConfigurations = (
				330C9AFD1AA7FD1A000316BB /* Debug */,
				330C9AFE1AA7FD1A000316BB /* Release */,
			);
			defaultConfigurationIsVisible = 0;
			defaultConfigurationName = Release;
		};
/* End XCConfigurationList section */
	};
	rootObject = 330C9ACE1AA7FD1A000316BB /* Project object */;
}
